// !$*UTF8*$!
{
	archiveVersion = 1;
	classes = {
	};
	objectVersion = 56;
	objects = {

/* Begin PBXBuildFile section */
		6A38FB322B31465E0049B85E /* ItemDetailScreen.swift in Sources */ = {isa = PBXBuildFile; fileRef = 6A38FB312B31465E0049B85E /* ItemDetailScreen.swift */; };
		6A38FB352B3147D20049B85E /* ItemDetailViewModel.swift in Sources */ = {isa = PBXBuildFile; fileRef = 6A38FB342B3147D20049B85E /* ItemDetailViewModel.swift */; };
		6A38FB382B3164180049B85E /* CartScreen.swift in Sources */ = {isa = PBXBuildFile; fileRef = 6A38FB372B3164170049B85E /* CartScreen.swift */; };
		6A38FB3A2B3164250049B85E /* CartViewModel.swift in Sources */ = {isa = PBXBuildFile; fileRef = 6A38FB392B3164250049B85E /* CartViewModel.swift */; };
		6A38FB3C2B3165AF0049B85E /* ItemListView.swift in Sources */ = {isa = PBXBuildFile; fileRef = 6A38FB3B2B3165AF0049B85E /* ItemListView.swift */; };
		6A4931F52B303AAF00F8772C /* FoodieRestaurantAppApp.swift in Sources */ = {isa = PBXBuildFile; fileRef = 6A4931F42B303AAF00F8772C /* FoodieRestaurantAppApp.swift */; };
		6A4931F72B303AAF00F8772C /* HomeScreen.swift in Sources */ = {isa = PBXBuildFile; fileRef = 6A4931F62B303AAF00F8772C /* HomeScreen.swift */; };
		6A4931F92B303AB100F8772C /* Assets.xcassets in Resources */ = {isa = PBXBuildFile; fileRef = 6A4931F82B303AB100F8772C /* Assets.xcassets */; };
		6A4931FD2B303AB100F8772C /* Preview Assets.xcassets in Resources */ = {isa = PBXBuildFile; fileRef = 6A4931FC2B303AB100F8772C /* Preview Assets.xcassets */; };
		6A4932042B303E6300F8772C /* NetworkManager.swift in Sources */ = {isa = PBXBuildFile; fileRef = 6A4932032B303E6300F8772C /* NetworkManager.swift */; };
		6A4932072B303ED000F8772C /* ItemElement.swift in Sources */ = {isa = PBXBuildFile; fileRef = 6A4932062B303ED000F8772C /* ItemElement.swift */; };
		6A49320E2B304C0900F8772C /* HomeViewModel.swift in Sources */ = {isa = PBXBuildFile; fileRef = 6A49320D2B304C0900F8772C /* HomeViewModel.swift */; };
		6A4932112B30678100F8772C /* ItemDetailView.swift in Sources */ = {isa = PBXBuildFile; fileRef = 6A4932102B30678100F8772C /* ItemDetailView.swift */; };
/* End PBXBuildFile section */

/* Begin PBXFileReference section */
		6A38FB312B31465E0049B85E /* ItemDetailScreen.swift */ = {isa = PBXFileReference; lastKnownFileType = sourcecode.swift; path = ItemDetailScreen.swift; sourceTree = "<group>"; };
		6A38FB342B3147D20049B85E /* ItemDetailViewModel.swift */ = {isa = PBXFileReference; lastKnownFileType = sourcecode.swift; path = ItemDetailViewModel.swift; sourceTree = "<group>"; };
		6A38FB372B3164170049B85E /* CartScreen.swift */ = {isa = PBXFileReference; lastKnownFileType = sourcecode.swift; path = CartScreen.swift; sourceTree = "<group>"; };
		6A38FB392B3164250049B85E /* CartViewModel.swift */ = {isa = PBXFileReference; lastKnownFileType = sourcecode.swift; path = CartViewModel.swift; sourceTree = "<group>"; };
		6A38FB3B2B3165AF0049B85E /* ItemListView.swift */ = {isa = PBXFileReference; lastKnownFileType = sourcecode.swift; path = ItemListView.swift; sourceTree = "<group>"; };
		6A4931F12B303AAF00F8772C /* FoodieRestaurantApp.app */ = {isa = PBXFileReference; explicitFileType = wrapper.application; includeInIndex = 0; path = FoodieRestaurantApp.app; sourceTree = BUILT_PRODUCTS_DIR; };
		6A4931F42B303AAF00F8772C /* FoodieRestaurantAppApp.swift */ = {isa = PBXFileReference; lastKnownFileType = sourcecode.swift; path = FoodieRestaurantAppApp.swift; sourceTree = "<group>"; };
		6A4931F62B303AAF00F8772C /* HomeScreen.swift */ = {isa = PBXFileReference; lastKnownFileType = sourcecode.swift; path = HomeScreen.swift; sourceTree = "<group>"; };
		6A4931F82B303AB100F8772C /* Assets.xcassets */ = {isa = PBXFileReference; lastKnownFileType = folder.assetcatalog; path = Assets.xcassets; sourceTree = "<group>"; };
		6A4931FA2B303AB100F8772C /* FoodieRestaurantApp.entitlements */ = {isa = PBXFileReference; lastKnownFileType = text.plist.entitlements; path = FoodieRestaurantApp.entitlements; sourceTree = "<group>"; };
		6A4931FC2B303AB100F8772C /* Preview Assets.xcassets */ = {isa = PBXFileReference; lastKnownFileType = folder.assetcatalog; path = "Preview Assets.xcassets"; sourceTree = "<group>"; };
		6A4932032B303E6300F8772C /* NetworkManager.swift */ = {isa = PBXFileReference; lastKnownFileType = sourcecode.swift; path = NetworkManager.swift; sourceTree = "<group>"; };
		6A4932062B303ED000F8772C /* ItemElement.swift */ = {isa = PBXFileReference; lastKnownFileType = sourcecode.swift; path = ItemElement.swift; sourceTree = "<group>"; };
		6A49320D2B304C0900F8772C /* HomeViewModel.swift */ = {isa = PBXFileReference; lastKnownFileType = sourcecode.swift; path = HomeViewModel.swift; sourceTree = "<group>"; };
		6A4932102B30678100F8772C /* ItemDetailView.swift */ = {isa = PBXFileReference; lastKnownFileType = sourcecode.swift; path = ItemDetailView.swift; sourceTree = "<group>"; };
/* End PBXFileReference section */

/* Begin PBXFrameworksBuildPhase section */
		6A4931EE2B303AAF00F8772C /* Frameworks */ = {
			isa = PBXFrameworksBuildPhase;
			buildActionMask = 2147483647;
			files = (
			);
			runOnlyForDeploymentPostprocessing = 0;
		};
/* End PBXFrameworksBuildPhase section */

/* Begin PBXGroup section */
		6A38FB302B3146190049B85E /* DetailView */ = {
			isa = PBXGroup;
			children = (
				6A38FB312B31465E0049B85E /* ItemDetailScreen.swift */,
				6A38FB342B3147D20049B85E /* ItemDetailViewModel.swift */,
			);
			path = DetailView;
			sourceTree = "<group>";
		};
		6A38FB332B3146980049B85E /* Resuables */ = {
			isa = PBXGroup;
			children = (
				6A4932102B30678100F8772C /* ItemDetailView.swift */,
				6A38FB3B2B3165AF0049B85E /* ItemListView.swift */,
			);
			path = Resuables;
			sourceTree = "<group>";
		};
		6A38FB362B3163E60049B85E /* OrderView */ = {
			isa = PBXGroup;
			children = (
			);
			path = OrderView;
			sourceTree = "<group>";
		};
		6A4931E82B303AAF00F8772C = {
			isa = PBXGroup;
			children = (
				6A4931F32B303AAF00F8772C /* FoodieRestaurantApp */,
				6A4931F22B303AAF00F8772C /* Products */,
			);
			sourceTree = "<group>";
		};
		6A4931F22B303AAF00F8772C /* Products */ = {
			isa = PBXGroup;
			children = (
				6A4931F12B303AAF00F8772C /* FoodieRestaurantApp.app */,
			);
			name = Products;
			sourceTree = "<group>";
		};
		6A4931F32B303AAF00F8772C /* FoodieRestaurantApp */ = {
			isa = PBXGroup;
			children = (
				6A49320C2B30423C00F8772C /* NetworkManager */,
				6A4932092B303EE800F8772C /* Resources */,
				6A38FB332B3146980049B85E /* Resuables */,
				6A4932082B303ED800F8772C /* Model */,
				6A49320B2B303F4D00F8772C /* Modules */,
				6A4931FB2B303AB100F8772C /* Preview Content */,
				6A49320A2B303F3400F8772C /* Extras */,
				6A4931FA2B303AB100F8772C /* FoodieRestaurantApp.entitlements */,
			);
			path = FoodieRestaurantApp;
			sourceTree = "<group>";
		};
		6A4931FB2B303AB100F8772C /* Preview Content */ = {
			isa = PBXGroup;
			children = (
				6A4931FC2B303AB100F8772C /* Preview Assets.xcassets */,
			);
			path = "Preview Content";
			sourceTree = "<group>";
		};
		6A4932052B303E8600F8772C /* HomeView */ = {
			isa = PBXGroup;
			children = (
				6A4931F62B303AAF00F8772C /* HomeScreen.swift */,
				6A49320D2B304C0900F8772C /* HomeViewModel.swift */,
			);
			path = HomeView;
			sourceTree = "<group>";
		};
		6A4932082B303ED800F8772C /* Model */ = {
			isa = PBXGroup;
			children = (
				6A4932062B303ED000F8772C /* ItemElement.swift */,
			);
			path = Model;
			sourceTree = "<group>";
		};
		6A4932092B303EE800F8772C /* Resources */ = {
			isa = PBXGroup;
			children = (
				6A4931F82B303AB100F8772C /* Assets.xcassets */,
			);
			path = Resources;
			sourceTree = "<group>";
		};
		6A49320A2B303F3400F8772C /* Extras */ = {
			isa = PBXGroup;
			children = (
				6A4931F42B303AAF00F8772C /* FoodieRestaurantAppApp.swift */,
			);
			path = Extras;
			sourceTree = "<group>";
		};
		6A49320B2B303F4D00F8772C /* Modules */ = {
			isa = PBXGroup;
			children = (
				6A38FB362B3163E60049B85E /* OrderView */,
				6A38FB302B3146190049B85E /* DetailView */,
				6A49320F2B3057C500F8772C /* CartView */,
				6A4932052B303E8600F8772C /* HomeView */,
			);
			path = Modules;
			sourceTree = "<group>";
		};
		6A49320C2B30423C00F8772C /* NetworkManager */ = {
			isa = PBXGroup;
			children = (
				6A4932032B303E6300F8772C /* NetworkManager.swift */,
			);
			path = NetworkManager;
			sourceTree = "<group>";
		};
		6A49320F2B3057C500F8772C /* CartView */ = {
			isa = PBXGroup;
			children = (
				6A38FB372B3164170049B85E /* CartScreen.swift */,
				6A38FB392B3164250049B85E /* CartViewModel.swift */,
			);
			path = CartView;
			sourceTree = "<group>";
		};
/* End PBXGroup section */

/* Begin PBXNativeTarget section */
		6A4931F02B303AAF00F8772C /* FoodieRestaurantApp */ = {
			isa = PBXNativeTarget;
			buildConfigurationList = 6A4932002B303AB100F8772C /* Build configuration list for PBXNativeTarget "FoodieRestaurantApp" */;
			buildPhases = (
				6A4931ED2B303AAF00F8772C /* Sources */,
				6A4931EE2B303AAF00F8772C /* Frameworks */,
				6A4931EF2B303AAF00F8772C /* Resources */,
			);
			buildRules = (
			);
			dependencies = (
			);
			name = FoodieRestaurantApp;
			productName = FoodieRestaurantApp;
			productReference = 6A4931F12B303AAF00F8772C /* FoodieRestaurantApp.app */;
			productType = "com.apple.product-type.application";
		};
/* End PBXNativeTarget section */

/* Begin PBXProject section */
		6A4931E92B303AAF00F8772C /* Project object */ = {
			isa = PBXProject;
			attributes = {
				BuildIndependentTargetsInParallel = 1;
				LastSwiftUpdateCheck = 1500;
				LastUpgradeCheck = 1500;
				TargetAttributes = {
					6A4931F02B303AAF00F8772C = {
						CreatedOnToolsVersion = 15.0.1;
					};
				};
			};
			buildConfigurationList = 6A4931EC2B303AAF00F8772C /* Build configuration list for PBXProject "FoodieRestaurantApp" */;
			compatibilityVersion = "Xcode 14.0";
			developmentRegion = en;
			hasScannedForEncodings = 0;
			knownRegions = (
				en,
				Base,
			);
			mainGroup = 6A4931E82B303AAF00F8772C;
			productRefGroup = 6A4931F22B303AAF00F8772C /* Products */;
			projectDirPath = "";
			projectRoot = "";
			targets = (
				6A4931F02B303AAF00F8772C /* FoodieRestaurantApp */,
			);
		};
/* End PBXProject section */

/* Begin PBXResourcesBuildPhase section */
		6A4931EF2B303AAF00F8772C /* Resources */ = {
			isa = PBXResourcesBuildPhase;
			buildActionMask = 2147483647;
			files = (
				6A4931FD2B303AB100F8772C /* Preview Assets.xcassets in Resources */,
				6A4931F92B303AB100F8772C /* Assets.xcassets in Resources */,
			);
			runOnlyForDeploymentPostprocessing = 0;
		};
/* End PBXResourcesBuildPhase section */

/* Begin PBXSourcesBuildPhase section */
		6A4931ED2B303AAF00F8772C /* Sources */ = {
			isa = PBXSourcesBuildPhase;
			buildActionMask = 2147483647;
			files = (
				6A38FB382B3164180049B85E /* CartScreen.swift in Sources */,
				6A4932042B303E6300F8772C /* NetworkManager.swift in Sources */,
				6A4932112B30678100F8772C /* ItemDetailView.swift in Sources */,
				6A4931F72B303AAF00F8772C /* HomeScreen.swift in Sources */,
				6A38FB322B31465E0049B85E /* ItemDetailScreen.swift in Sources */,
				6A4932072B303ED000F8772C /* ItemElement.swift in Sources */,
				6A38FB3A2B3164250049B85E /* CartViewModel.swift in Sources */,
				6A38FB3C2B3165AF0049B85E /* ItemListView.swift in Sources */,
				6A49320E2B304C0900F8772C /* HomeViewModel.swift in Sources */,
				6A4931F52B303AAF00F8772C /* FoodieRestaurantAppApp.swift in Sources */,
				6A38FB352B3147D20049B85E /* ItemDetailViewModel.swift in Sources */,
			);
			runOnlyForDeploymentPostprocessing = 0;
		};
/* End PBXSourcesBuildPhase section */

/* Begin XCBuildConfiguration section */
		6A4931FE2B303AB100F8772C /* Debug */ = {
			isa = XCBuildConfiguration;
			buildSettings = {
				ALWAYS_SEARCH_USER_PATHS = NO;
				ASSETCATALOG_COMPILER_GENERATE_SWIFT_ASSET_SYMBOL_EXTENSIONS = YES;
				CLANG_ANALYZER_NONNULL = YES;
				CLANG_ANALYZER_NUMBER_OBJECT_CONVERSION = YES_AGGRESSIVE;
				CLANG_CXX_LANGUAGE_STANDARD = "gnu++20";
				CLANG_ENABLE_MODULES = YES;
				CLANG_ENABLE_OBJC_ARC = YES;
				CLANG_ENABLE_OBJC_WEAK = YES;
				CLANG_WARN_BLOCK_CAPTURE_AUTORELEASING = YES;
				CLANG_WARN_BOOL_CONVERSION = YES;
				CLANG_WARN_COMMA = YES;
				CLANG_WARN_CONSTANT_CONVERSION = YES;
				CLANG_WARN_DEPRECATED_OBJC_IMPLEMENTATIONS = YES;
				CLANG_WARN_DIRECT_OBJC_ISA_USAGE = YES_ERROR;
				CLANG_WARN_DOCUMENTATION_COMMENTS = YES;
				CLANG_WARN_EMPTY_BODY = YES;
				CLANG_WARN_ENUM_CONVERSION = YES;
				CLANG_WARN_INFINITE_RECURSION = YES;
				CLANG_WARN_INT_CONVERSION = YES;
				CLANG_WARN_NON_LITERAL_NULL_CONVERSION = YES;
				CLANG_WARN_OBJC_IMPLICIT_RETAIN_SELF = YES;
				CLANG_WARN_OBJC_LITERAL_CONVERSION = YES;
				CLANG_WARN_OBJC_ROOT_CLASS = YES_ERROR;
				CLANG_WARN_QUOTED_INCLUDE_IN_FRAMEWORK_HEADER = YES;
				CLANG_WARN_RANGE_LOOP_ANALYSIS = YES;
				CLANG_WARN_STRICT_PROTOTYPES = YES;
				CLANG_WARN_SUSPICIOUS_MOVE = YES;
				CLANG_WARN_UNGUARDED_AVAILABILITY = YES_AGGRESSIVE;
				CLANG_WARN_UNREACHABLE_CODE = YES;
				CLANG_WARN__DUPLICATE_METHOD_MATCH = YES;
				COPY_PHASE_STRIP = NO;
				DEBUG_INFORMATION_FORMAT = dwarf;
				ENABLE_STRICT_OBJC_MSGSEND = YES;
				ENABLE_TESTABILITY = YES;
				ENABLE_USER_SCRIPT_SANDBOXING = YES;
				GCC_C_LANGUAGE_STANDARD = gnu17;
				GCC_DYNAMIC_NO_PIC = NO;
				GCC_NO_COMMON_BLOCKS = YES;
				GCC_OPTIMIZATION_LEVEL = 0;
				GCC_PREPROCESSOR_DEFINITIONS = (
					"DEBUG=1",
					"$(inherited)",
				);
				GCC_WARN_64_TO_32_BIT_CONVERSION = YES;
				GCC_WARN_ABOUT_RETURN_TYPE = YES_ERROR;
				GCC_WARN_UNDECLARED_SELECTOR = YES;
				GCC_WARN_UNINITIALIZED_AUTOS = YES_AGGRESSIVE;
				GCC_WARN_UNUSED_FUNCTION = YES;
				GCC_WARN_UNUSED_VARIABLE = YES;
				LOCALIZATION_PREFERS_STRING_CATALOGS = YES;
				MTL_ENABLE_DEBUG_INFO = INCLUDE_SOURCE;
				MTL_FAST_MATH = YES;
				ONLY_ACTIVE_ARCH = YES;
				SWIFT_ACTIVE_COMPILATION_CONDITIONS = "DEBUG $(inherited)";
				SWIFT_OPTIMIZATION_LEVEL = "-Onone";
			};
			name = Debug;
		};
		6A4931FF2B303AB100F8772C /* Release */ = {
			isa = XCBuildConfiguration;
			buildSettings = {
				ALWAYS_SEARCH_USER_PATHS = NO;
				ASSETCATALOG_COMPILER_GENERATE_SWIFT_ASSET_SYMBOL_EXTENSIONS = YES;
				CLANG_ANALYZER_NONNULL = YES;
				CLANG_ANALYZER_NUMBER_OBJECT_CONVERSION = YES_AGGRESSIVE;
				CLANG_CXX_LANGUAGE_STANDARD = "gnu++20";
				CLANG_ENABLE_MODULES = YES;
				CLANG_ENABLE_OBJC_ARC = YES;
				CLANG_ENABLE_OBJC_WEAK = YES;
				CLANG_WARN_BLOCK_CAPTURE_AUTORELEASING = YES;
				CLANG_WARN_BOOL_CONVERSION = YES;
				CLANG_WARN_COMMA = YES;
				CLANG_WARN_CONSTANT_CONVERSION = YES;
				CLANG_WARN_DEPRECATED_OBJC_IMPLEMENTATIONS = YES;
				CLANG_WARN_DIRECT_OBJC_ISA_USAGE = YES_ERROR;
				CLANG_WARN_DOCUMENTATION_COMMENTS = YES;
				CLANG_WARN_EMPTY_BODY = YES;
				CLANG_WARN_ENUM_CONVERSION = YES;
				CLANG_WARN_INFINITE_RECURSION = YES;
				CLANG_WARN_INT_CONVERSION = YES;
				CLANG_WARN_NON_LITERAL_NULL_CONVERSION = YES;
				CLANG_WARN_OBJC_IMPLICIT_RETAIN_SELF = YES;
				CLANG_WARN_OBJC_LITERAL_CONVERSION = YES;
				CLANG_WARN_OBJC_ROOT_CLASS = YES_ERROR;
				CLANG_WARN_QUOTED_INCLUDE_IN_FRAMEWORK_HEADER = YES;
				CLANG_WARN_RANGE_LOOP_ANALYSIS = YES;
				CLANG_WARN_STRICT_PROTOTYPES = YES;
				CLANG_WARN_SUSPICIOUS_MOVE = YES;
				CLANG_WARN_UNGUARDED_AVAILABILITY = YES_AGGRESSIVE;
				CLANG_WARN_UNREACHABLE_CODE = YES;
				CLANG_WARN__DUPLICATE_METHOD_MATCH = YES;
				COPY_PHASE_STRIP = NO;
				DEBUG_INFORMATION_FORMAT = "dwarf-with-dsym";
				ENABLE_NS_ASSERTIONS = NO;
				ENABLE_STRICT_OBJC_MSGSEND = YES;
				ENABLE_USER_SCRIPT_SANDBOXING = YES;
				GCC_C_LANGUAGE_STANDARD = gnu17;
				GCC_NO_COMMON_BLOCKS = YES;
				GCC_WARN_64_TO_32_BIT_CONVERSION = YES;
				GCC_WARN_ABOUT_RETURN_TYPE = YES_ERROR;
				GCC_WARN_UNDECLARED_SELECTOR = YES;
				GCC_WARN_UNINITIALIZED_AUTOS = YES_AGGRESSIVE;
				GCC_WARN_UNUSED_FUNCTION = YES;
				GCC_WARN_UNUSED_VARIABLE = YES;
				LOCALIZATION_PREFERS_STRING_CATALOGS = YES;
				MTL_ENABLE_DEBUG_INFO = NO;
				MTL_FAST_MATH = YES;
				SWIFT_COMPILATION_MODE = wholemodule;
			};
			name = Release;
		};
		6A4932012B303AB100F8772C /* Debug */ = {
			isa = XCBuildConfiguration;
			buildSettings = {
				ASSETCATALOG_COMPILER_APPICON_NAME = AppIcon;
				ASSETCATALOG_COMPILER_GLOBAL_ACCENT_COLOR_NAME = AccentColor;
				CODE_SIGN_ENTITLEMENTS = FoodieRestaurantApp/FoodieRestaurantApp.entitlements;
				CODE_SIGN_STYLE = Automatic;
				CURRENT_PROJECT_VERSION = 1;
				DEVELOPMENT_ASSET_PATHS = "\"FoodieRestaurantApp/Preview Content\"";
				ENABLE_PREVIEWS = YES;
				GENERATE_INFOPLIST_FILE = YES;
				"INFOPLIST_KEY_UIApplicationSceneManifest_Generation[sdk=iphoneos*]" = YES;
				"INFOPLIST_KEY_UIApplicationSceneManifest_Generation[sdk=iphonesimulator*]" = YES;
				"INFOPLIST_KEY_UIApplicationSupportsIndirectInputEvents[sdk=iphoneos*]" = YES;
				"INFOPLIST_KEY_UIApplicationSupportsIndirectInputEvents[sdk=iphonesimulator*]" = YES;
				"INFOPLIST_KEY_UILaunchScreen_Generation[sdk=iphoneos*]" = YES;
				"INFOPLIST_KEY_UILaunchScreen_Generation[sdk=iphonesimulator*]" = YES;
				"INFOPLIST_KEY_UIStatusBarStyle[sdk=iphoneos*]" = UIStatusBarStyleDefault;
				"INFOPLIST_KEY_UIStatusBarStyle[sdk=iphonesimulator*]" = UIStatusBarStyleDefault;
				INFOPLIST_KEY_UISupportedInterfaceOrientations_iPad = "UIInterfaceOrientationPortrait UIInterfaceOrientationPortraitUpsideDown UIInterfaceOrientationLandscapeLeft UIInterfaceOrientationLandscapeRight";
				INFOPLIST_KEY_UISupportedInterfaceOrientations_iPhone = "UIInterfaceOrientationPortrait UIInterfaceOrientationLandscapeLeft UIInterfaceOrientationLandscapeRight";
				IPHONEOS_DEPLOYMENT_TARGET = 17.0;
				LD_RUNPATH_SEARCH_PATHS = "@executable_path/Frameworks";
				"LD_RUNPATH_SEARCH_PATHS[sdk=macosx*]" = "@executable_path/../Frameworks";
				MACOSX_DEPLOYMENT_TARGET = 14.0;
				MARKETING_VERSION = 1.0;
				PRODUCT_BUNDLE_IDENTIFIER = pranjal.FoodieRestaurantApp;
				PRODUCT_NAME = "$(TARGET_NAME)";
				SDKROOT = auto;
				SUPPORTED_PLATFORMS = "iphoneos iphonesimulator macosx";
				SWIFT_EMIT_LOC_STRINGS = YES;
				SWIFT_VERSION = 5.0;
				TARGETED_DEVICE_FAMILY = "1,2";
			};
			name = Debug;
		};
		6A4932022B303AB100F8772C /* Release */ = {
			isa = XCBuildConfiguration;
			buildSettings = {
				ASSETCATALOG_COMPILER_APPICON_NAME = AppIcon;
				ASSETCATALOG_COMPILER_GLOBAL_ACCENT_COLOR_NAME = AccentColor;
				CODE_SIGN_ENTITLEMENTS = FoodieRestaurantApp/FoodieRestaurantApp.entitlements;
				CODE_SIGN_STYLE = Automatic;
				CURRENT_PROJECT_VERSION = 1;
				DEVELOPMENT_ASSET_PATHS = "\"FoodieRestaurantApp/Preview Content\"";
				ENABLE_PREVIEWS = YES;
				GENERATE_INFOPLIST_FILE = YES;
				"INFOPLIST_KEY_UIApplicationSceneManifest_Generation[sdk=iphoneos*]" = YES;
				"INFOPLIST_KEY_UIApplicationSceneManifest_Generation[sdk=iphonesimulator*]" = YES;
				"INFOPLIST_KEY_UIApplicationSupportsIndirectInputEvents[sdk=iphoneos*]" = YES;
				"INFOPLIST_KEY_UIApplicationSupportsIndirectInputEvents[sdk=iphonesimulator*]" = YES;
				"INFOPLIST_KEY_UILaunchScreen_Generation[sdk=iphoneos*]" = YES;
				"INFOPLIST_KEY_UILaunchScreen_Generation[sdk=iphonesimulator*]" = YES;
				"INFOPLIST_KEY_UIStatusBarStyle[sdk=iphoneos*]" = UIStatusBarStyleDefault;
				"INFOPLIST_KEY_UIStatusBarStyle[sdk=iphonesimulator*]" = UIStatusBarStyleDefault;
				INFOPLIST_KEY_UISupportedInterfaceOrientations_iPad = "UIInterfaceOrientationPortrait UIInterfaceOrientationPortraitUpsideDown UIInterfaceOrientationLandscapeLeft UIInterfaceOrientationLandscapeRight";
				INFOPLIST_KEY_UISupportedInterfaceOrientations_iPhone = "UIInterfaceOrientationPortrait UIInterfaceOrientationLandscapeLeft UIInterfaceOrientationLandscapeRight";
				IPHONEOS_DEPLOYMENT_TARGET = 17.0;
				LD_RUNPATH_SEARCH_PATHS = "@executable_path/Frameworks";
				"LD_RUNPATH_SEARCH_PATHS[sdk=macosx*]" = "@executable_path/../Frameworks";
				MACOSX_DEPLOYMENT_TARGET = 14.0;
				MARKETING_VERSION = 1.0;
				PRODUCT_BUNDLE_IDENTIFIER = pranjal.FoodieRestaurantApp;
				PRODUCT_NAME = "$(TARGET_NAME)";
				SDKROOT = auto;
				SUPPORTED_PLATFORMS = "iphoneos iphonesimulator macosx";
				SWIFT_EMIT_LOC_STRINGS = YES;
				SWIFT_VERSION = 5.0;
				TARGETED_DEVICE_FAMILY = "1,2";
			};
			name = Release;
		};
/* End XCBuildConfiguration section */

/* Begin XCConfigurationList section */
		6A4931EC2B303AAF00F8772C /* Build configuration list for PBXProject "FoodieRestaurantApp" */ = {
			isa = XCConfigurationList;
			buildConfigurations = (
				6A4931FE2B303AB100F8772C /* Debug */,
				6A4931FF2B303AB100F8772C /* Release */,
			);
			defaultConfigurationIsVisible = 0;
			defaultConfigurationName = Release;
		};
		6A4932002B303AB100F8772C /* Build configuration list for PBXNativeTarget "FoodieRestaurantApp" */ = {
			isa = XCConfigurationList;
			buildConfigurations = (
				6A4932012B303AB100F8772C /* Debug */,
				6A4932022B303AB100F8772C /* Release */,
			);
			defaultConfigurationIsVisible = 0;
			defaultConfigurationName = Release;
		};
/* End XCConfigurationList section */
	};
	rootObject = 6A4931E92B303AAF00F8772C /* Project object */;
}
