// !$*UTF8*$!
{
	archiveVersion = 1;
	classes = {
	};
	objectVersion = 56;
	objects = {

/* Begin PBXBuildFile section */
		6A7741F72B3A9319009DE503 /* NetworkManager.swift in Sources */ = {isa = PBXBuildFile; fileRef = 6A7741D32B3A9319009DE503 /* NetworkManager.swift */; };
		6A7741F82B3A9319009DE503 /* Assets.xcassets in Resources */ = {isa = PBXBuildFile; fileRef = 6A7741D52B3A9319009DE503 /* Assets.xcassets */; };
		6A7741F92B3A9319009DE503 /* Preview Assets.xcassets in Resources */ = {isa = PBXBuildFile; fileRef = 6A7741D72B3A9319009DE503 /* Preview Assets.xcassets */; };
		6A7741FA2B3A9319009DE503 /* View+Extensions.swift in Sources */ = {isa = PBXBuildFile; fileRef = 6A7741D92B3A9319009DE503 /* View+Extensions.swift */; };
		6A7741FB2B3A9319009DE503 /* ItemElement.swift in Sources */ = {isa = PBXBuildFile; fileRef = 6A7741DB2B3A9319009DE503 /* ItemElement.swift */; };
		6A7741FC2B3A9319009DE503 /* CheckoutItem.swift in Sources */ = {isa = PBXBuildFile; fileRef = 6A7741DC2B3A9319009DE503 /* CheckoutItem.swift */; };
		6A7741FD2B3A9319009DE503 /* CartItem.swift in Sources */ = {isa = PBXBuildFile; fileRef = 6A7741DD2B3A9319009DE503 /* CartItem.swift */; };
		6A7741FE2B3A9319009DE503 /* ItemDetailScreen.swift in Sources */ = {isa = PBXBuildFile; fileRef = 6A7741E02B3A9319009DE503 /* ItemDetailScreen.swift */; };
		6A7741FF2B3A9319009DE503 /* ItemDetailViewModel.swift in Sources */ = {isa = PBXBuildFile; fileRef = 6A7741E12B3A9319009DE503 /* ItemDetailViewModel.swift */; };
		6A7742002B3A9319009DE503 /* SuccessViewModel.swift in Sources */ = {isa = PBXBuildFile; fileRef = 6A7741E32B3A9319009DE503 /* SuccessViewModel.swift */; };
		6A7742012B3A9319009DE503 /* SuccessScreen.swift in Sources */ = {isa = PBXBuildFile; fileRef = 6A7741E42B3A9319009DE503 /* SuccessScreen.swift */; };
		6A7742022B3A9319009DE503 /* HomeViewModel.swift in Sources */ = {isa = PBXBuildFile; fileRef = 6A7741E62B3A9319009DE503 /* HomeViewModel.swift */; };
		6A7742032B3A9319009DE503 /* HomeScreen.swift in Sources */ = {isa = PBXBuildFile; fileRef = 6A7741E72B3A9319009DE503 /* HomeScreen.swift */; };
		6A7742042B3A9319009DE503 /* CheckoutViewModel.swift in Sources */ = {isa = PBXBuildFile; fileRef = 6A7741E92B3A9319009DE503 /* CheckoutViewModel.swift */; };
		6A7742052B3A9319009DE503 /* CheckoutScreen.swift in Sources */ = {isa = PBXBuildFile; fileRef = 6A7741EA2B3A9319009DE503 /* CheckoutScreen.swift */; };
		6A7742062B3A9319009DE503 /* CartScreen.swift in Sources */ = {isa = PBXBuildFile; fileRef = 6A7741EC2B3A9319009DE503 /* CartScreen.swift */; };
		6A7742072B3A9319009DE503 /* CartViewModel.swift in Sources */ = {isa = PBXBuildFile; fileRef = 6A7741ED2B3A9319009DE503 /* CartViewModel.swift */; };
		6A7742082B3A9319009DE503 /* BadgeView.swift in Sources */ = {isa = PBXBuildFile; fileRef = 6A7741EF2B3A9319009DE503 /* BadgeView.swift */; };
		6A7742092B3A9319009DE503 /* ItemDetailView.swift in Sources */ = {isa = PBXBuildFile; fileRef = 6A7741F02B3A9319009DE503 /* ItemDetailView.swift */; };
		6A77420A2B3A9319009DE503 /* ItemListView.swift in Sources */ = {isa = PBXBuildFile; fileRef = 6A7741F12B3A9319009DE503 /* ItemListView.swift */; };
		6A77420B2B3A9319009DE503 /* FoodieRestaurantAppApp.swift in Sources */ = {isa = PBXBuildFile; fileRef = 6A7741F42B3A9319009DE503 /* FoodieRestaurantAppApp.swift */; };
		6A77420C2B3A9319009DE503 /* CustomBackButton.swift in Sources */ = {isa = PBXBuildFile; fileRef = 6A7741F62B3A9319009DE503 /* CustomBackButton.swift */; };
/* End PBXBuildFile section */

/* Begin PBXFileReference section */
		6A4931F12B303AAF00F8772C /* FoodieRestaurantApp.app */ = {isa = PBXFileReference; explicitFileType = wrapper.application; includeInIndex = 0; path = FoodieRestaurantApp.app; sourceTree = BUILT_PRODUCTS_DIR; };
		6A7741D32B3A9319009DE503 /* NetworkManager.swift */ = {isa = PBXFileReference; fileEncoding = 4; lastKnownFileType = sourcecode.swift; path = NetworkManager.swift; sourceTree = "<group>"; };
		6A7741D52B3A9319009DE503 /* Assets.xcassets */ = {isa = PBXFileReference; lastKnownFileType = folder.assetcatalog; path = Assets.xcassets; sourceTree = "<group>"; };
		6A7741D72B3A9319009DE503 /* Preview Assets.xcassets */ = {isa = PBXFileReference; lastKnownFileType = folder.assetcatalog; path = "Preview Assets.xcassets"; sourceTree = "<group>"; };
		6A7741D92B3A9319009DE503 /* View+Extensions.swift */ = {isa = PBXFileReference; fileEncoding = 4; lastKnownFileType = sourcecode.swift; path = "View+Extensions.swift"; sourceTree = "<group>"; };
		6A7741DB2B3A9319009DE503 /* ItemElement.swift */ = {isa = PBXFileReference; fileEncoding = 4; lastKnownFileType = sourcecode.swift; path = ItemElement.swift; sourceTree = "<group>"; };
		6A7741DC2B3A9319009DE503 /* CheckoutItem.swift */ = {isa = PBXFileReference; fileEncoding = 4; lastKnownFileType = sourcecode.swift; path = CheckoutItem.swift; sourceTree = "<group>"; };
		6A7741DD2B3A9319009DE503 /* CartItem.swift */ = {isa = PBXFileReference; fileEncoding = 4; lastKnownFileType = sourcecode.swift; path = CartItem.swift; sourceTree = "<group>"; };
		6A7741E02B3A9319009DE503 /* ItemDetailScreen.swift */ = {isa = PBXFileReference; fileEncoding = 4; lastKnownFileType = sourcecode.swift; path = ItemDetailScreen.swift; sourceTree = "<group>"; };
		6A7741E12B3A9319009DE503 /* ItemDetailViewModel.swift */ = {isa = PBXFileReference; fileEncoding = 4; lastKnownFileType = sourcecode.swift; path = ItemDetailViewModel.swift; sourceTree = "<group>"; };
		6A7741E32B3A9319009DE503 /* SuccessViewModel.swift */ = {isa = PBXFileReference; fileEncoding = 4; lastKnownFileType = sourcecode.swift; path = SuccessViewModel.swift; sourceTree = "<group>"; };
		6A7741E42B3A9319009DE503 /* SuccessScreen.swift */ = {isa = PBXFileReference; fileEncoding = 4; lastKnownFileType = sourcecode.swift; path = SuccessScreen.swift; sourceTree = "<group>"; };
		6A7741E62B3A9319009DE503 /* HomeViewModel.swift */ = {isa = PBXFileReference; fileEncoding = 4; lastKnownFileType = sourcecode.swift; path = HomeViewModel.swift; sourceTree = "<group>"; };
		6A7741E72B3A9319009DE503 /* HomeScreen.swift */ = {isa = PBXFileReference; fileEncoding = 4; lastKnownFileType = sourcecode.swift; path = HomeScreen.swift; sourceTree = "<group>"; };
		6A7741E92B3A9319009DE503 /* CheckoutViewModel.swift */ = {isa = PBXFileReference; fileEncoding = 4; lastKnownFileType = sourcecode.swift; path = CheckoutViewModel.swift; sourceTree = "<group>"; };
		6A7741EA2B3A9319009DE503 /* CheckoutScreen.swift */ = {isa = PBXFileReference; fileEncoding = 4; lastKnownFileType = sourcecode.swift; path = CheckoutScreen.swift; sourceTree = "<group>"; };
		6A7741EC2B3A9319009DE503 /* CartScreen.swift */ = {isa = PBXFileReference; fileEncoding = 4; lastKnownFileType = sourcecode.swift; path = CartScreen.swift; sourceTree = "<group>"; };
		6A7741ED2B3A9319009DE503 /* CartViewModel.swift */ = {isa = PBXFileReference; fileEncoding = 4; lastKnownFileType = sourcecode.swift; path = CartViewModel.swift; sourceTree = "<group>"; };
		6A7741EF2B3A9319009DE503 /* BadgeView.swift */ = {isa = PBXFileReference; fileEncoding = 4; lastKnownFileType = sourcecode.swift; path = BadgeView.swift; sourceTree = "<group>"; };
		6A7741F02B3A9319009DE503 /* ItemDetailView.swift */ = {isa = PBXFileReference; fileEncoding = 4; lastKnownFileType = sourcecode.swift; path = ItemDetailView.swift; sourceTree = "<group>"; };
		6A7741F12B3A9319009DE503 /* ItemListView.swift */ = {isa = PBXFileReference; fileEncoding = 4; lastKnownFileType = sourcecode.swift; path = ItemListView.swift; sourceTree = "<group>"; };
		6A7741F22B3A9319009DE503 /* FoodieRestaurantApp.entitlements */ = {isa = PBXFileReference; fileEncoding = 4; lastKnownFileType = text.plist.entitlements; path = FoodieRestaurantApp.entitlements; sourceTree = "<group>"; };
		6A7741F42B3A9319009DE503 /* FoodieRestaurantAppApp.swift */ = {isa = PBXFileReference; fileEncoding = 4; lastKnownFileType = sourcecode.swift; path = FoodieRestaurantAppApp.swift; sourceTree = "<group>"; };
		6A7741F62B3A9319009DE503 /* CustomBackButton.swift */ = {isa = PBXFileReference; fileEncoding = 4; lastKnownFileType = sourcecode.swift; path = CustomBackButton.swift; sourceTree = "<group>"; };
/* End PBXFileReference section */

/* Begin PBXFrameworksBuildPhase section */
		6A4931EE2B303AAF00F8772C /* Frameworks */ = {
			isa = PBXFrameworksBuildPhase;
			buildActionMask = 2147483647;
			files = (
			);
			runOnlyForDeploymentPostprocessing = 0;
		};
/* End PBXFrameworksBuildPhase section */

/* Begin PBXGroup section */
		6A4931E82B303AAF00F8772C = {
			isa = PBXGroup;
			children = (
				6A7741D12B3A9319009DE503 /* FoodieRestaurantApp */,
				6A4931F22B303AAF00F8772C /* Products */,
			);
			sourceTree = "<group>";
		};
		6A4931F22B303AAF00F8772C /* Products */ = {
			isa = PBXGroup;
			children = (
				6A4931F12B303AAF00F8772C /* FoodieRestaurantApp.app */,
			);
			name = Products;
			sourceTree = "<group>";
		};
		6A7741D12B3A9319009DE503 /* FoodieRestaurantApp */ = {
			isa = PBXGroup;
			children = (
				6A7741D22B3A9319009DE503 /* NetworkManager */,
				6A7741D42B3A9319009DE503 /* Resources */,
				6A7741D62B3A9319009DE503 /* Preview Content */,
				6A7741D82B3A9319009DE503 /* Extensions */,
				6A7741DA2B3A9319009DE503 /* Model */,
				6A7741DE2B3A9319009DE503 /* Modules */,
				6A7741EE2B3A9319009DE503 /* Resuables */,
				6A7741F22B3A9319009DE503 /* FoodieRestaurantApp.entitlements */,
				6A7741F32B3A9319009DE503 /* Extras */,
				6A7741F52B3A9319009DE503 /* ViewModifiers */,
			);
			path = FoodieRestaurantApp;
			sourceTree = "<group>";
		};
		6A7741D22B3A9319009DE503 /* NetworkManager */ = {
			isa = PBXGroup;
			children = (
				6A7741D32B3A9319009DE503 /* NetworkManager.swift */,
			);
			path = NetworkManager;
			sourceTree = "<group>";
		};
		6A7741D42B3A9319009DE503 /* Resources */ = {
			isa = PBXGroup;
			children = (
				6A7741D52B3A9319009DE503 /* Assets.xcassets */,
			);
			path = Resources;
			sourceTree = "<group>";
		};
		6A7741D62B3A9319009DE503 /* Preview Content */ = {
			isa = PBXGroup;
			children = (
				6A7741D72B3A9319009DE503 /* Preview Assets.xcassets */,
			);
			path = "Preview Content";
			sourceTree = "<group>";
		};
		6A7741D82B3A9319009DE503 /* Extensions */ = {
			isa = PBXGroup;
			children = (
				6A7741D92B3A9319009DE503 /* View+Extensions.swift */,
			);
			path = Extensions;
			sourceTree = "<group>";
		};
		6A7741DA2B3A9319009DE503 /* Model */ = {
			isa = PBXGroup;
			children = (
				6A7741DB2B3A9319009DE503 /* ItemElement.swift */,
				6A7741DC2B3A9319009DE503 /* CheckoutItem.swift */,
				6A7741DD2B3A9319009DE503 /* CartItem.swift */,
			);
			path = Model;
			sourceTree = "<group>";
		};
		6A7741DE2B3A9319009DE503 /* Modules */ = {
			isa = PBXGroup;
			children = (
				6A7741DF2B3A9319009DE503 /* DetailView */,
				6A7741E22B3A9319009DE503 /* SuccessView */,
				6A7741E52B3A9319009DE503 /* HomeView */,
				6A7741E82B3A9319009DE503 /* CheckoutView */,
				6A7741EB2B3A9319009DE503 /* CartView */,
			);
			path = Modules;
			sourceTree = "<group>";
		};
		6A7741DF2B3A9319009DE503 /* DetailView */ = {
			isa = PBXGroup;
			children = (
				6A7741E02B3A9319009DE503 /* ItemDetailScreen.swift */,
				6A7741E12B3A9319009DE503 /* ItemDetailViewModel.swift */,
			);
			path = DetailView;
			sourceTree = "<group>";
		};
		6A7741E22B3A9319009DE503 /* SuccessView */ = {
			isa = PBXGroup;
			children = (
				6A7741E32B3A9319009DE503 /* SuccessViewModel.swift */,
				6A7741E42B3A9319009DE503 /* SuccessScreen.swift */,
			);
			path = SuccessView;
			sourceTree = "<group>";
		};
		6A7741E52B3A9319009DE503 /* HomeView */ = {
			isa = PBXGroup;
			children = (
				6A7741E62B3A9319009DE503 /* HomeViewModel.swift */,
				6A7741E72B3A9319009DE503 /* HomeScreen.swift */,
			);
			path = HomeView;
			sourceTree = "<group>";
		};
		6A7741E82B3A9319009DE503 /* CheckoutView */ = {
			isa = PBXGroup;
			children = (
				6A7741E92B3A9319009DE503 /* CheckoutViewModel.swift */,
				6A7741EA2B3A9319009DE503 /* CheckoutScreen.swift */,
			);
			path = CheckoutView;
			sourceTree = "<group>";
		};
		6A7741EB2B3A9319009DE503 /* CartView */ = {
			isa = PBXGroup;
			children = (
				6A7741EC2B3A9319009DE503 /* CartScreen.swift */,
				6A7741ED2B3A9319009DE503 /* CartViewModel.swift */,
			);
			path = CartView;
			sourceTree = "<group>";
		};
		6A7741EE2B3A9319009DE503 /* Resuables */ = {
			isa = PBXGroup;
			children = (
				6A7741EF2B3A9319009DE503 /* BadgeView.swift */,
				6A7741F02B3A9319009DE503 /* ItemDetailView.swift */,
				6A7741F12B3A9319009DE503 /* ItemListView.swift */,
			);
			path = Resuables;
			sourceTree = "<group>";
		};
		6A7741F32B3A9319009DE503 /* Extras */ = {
			isa = PBXGroup;
			children = (
				6A7741F42B3A9319009DE503 /* FoodieRestaurantAppApp.swift */,
			);
			path = Extras;
			sourceTree = "<group>";
		};
		6A7741F52B3A9319009DE503 /* ViewModifiers */ = {
			isa = PBXGroup;
			children = (
				6A7741F62B3A9319009DE503 /* CustomBackButton.swift */,
			);
			path = ViewModifiers;
			sourceTree = "<group>";
		};
/* End PBXGroup section */

/* Begin PBXNativeTarget section */
		6A4931F02B303AAF00F8772C /* FoodieRestaurantApp */ = {
			isa = PBXNativeTarget;
			buildConfigurationList = 6A4932002B303AB100F8772C /* Build configuration list for PBXNativeTarget "FoodieRestaurantApp" */;
			buildPhases = (
				6A4931ED2B303AAF00F8772C /* Sources */,
				6A4931EE2B303AAF00F8772C /* Frameworks */,
				6A4931EF2B303AAF00F8772C /* Resources */,
			);
			buildRules = (
			);
			dependencies = (
			);
			name = FoodieRestaurantApp;
			productName = FoodieRestaurantApp;
			productReference = 6A4931F12B303AAF00F8772C /* FoodieRestaurantApp.app */;
			productType = "com.apple.product-type.application";
		};
/* End PBXNativeTarget section */

/* Begin PBXProject section */
		6A4931E92B303AAF00F8772C /* Project object */ = {
			isa = PBXProject;
			attributes = {
				BuildIndependentTargetsInParallel = 1;
				LastSwiftUpdateCheck = 1500;
				LastUpgradeCheck = 1500;
				TargetAttributes = {
					6A4931F02B303AAF00F8772C = {
						CreatedOnToolsVersion = 15.0.1;
					};
				};
			};
			buildConfigurationList = 6A4931EC2B303AAF00F8772C /* Build configuration list for PBXProject "FoodieRestaurantApp" */;
			compatibilityVersion = "Xcode 14.0";
			developmentRegion = en;
			hasScannedForEncodings = 0;
			knownRegions = (
				en,
				Base,
			);
			mainGroup = 6A4931E82B303AAF00F8772C;
			productRefGroup = 6A4931F22B303AAF00F8772C /* Products */;
			projectDirPath = "";
			projectRoot = "";
			targets = (
				6A4931F02B303AAF00F8772C /* FoodieRestaurantApp */,
			);
		};
/* End PBXProject section */

/* Begin PBXResourcesBuildPhase section */
		6A4931EF2B303AAF00F8772C /* Resources */ = {
			isa = PBXResourcesBuildPhase;
			buildActionMask = 2147483647;
			files = (
				6A7741F92B3A9319009DE503 /* Preview Assets.xcassets in Resources */,
				6A7741F82B3A9319009DE503 /* Assets.xcassets in Resources */,
			);
			runOnlyForDeploymentPostprocessing = 0;
		};
/* End PBXResourcesBuildPhase section */

/* Begin PBXSourcesBuildPhase section */
		6A4931ED2B303AAF00F8772C /* Sources */ = {
			isa = PBXSourcesBuildPhase;
			buildActionMask = 2147483647;
			files = (
				6A7742042B3A9319009DE503 /* CheckoutViewModel.swift in Sources */,
				6A77420C2B3A9319009DE503 /* CustomBackButton.swift in Sources */,
				6A77420B2B3A9319009DE503 /* FoodieRestaurantAppApp.swift in Sources */,
				6A7742012B3A9319009DE503 /* SuccessScreen.swift in Sources */,
				6A7741FA2B3A9319009DE503 /* View+Extensions.swift in Sources */,
				6A7741F72B3A9319009DE503 /* NetworkManager.swift in Sources */,
				6A7742052B3A9319009DE503 /* CheckoutScreen.swift in Sources */,
				6A7742022B3A9319009DE503 /* HomeViewModel.swift in Sources */,
				6A7742072B3A9319009DE503 /* CartViewModel.swift in Sources */,
				6A7742032B3A9319009DE503 /* HomeScreen.swift in Sources */,
				6A7742092B3A9319009DE503 /* ItemDetailView.swift in Sources */,
				6A7742082B3A9319009DE503 /* BadgeView.swift in Sources */,
				6A7741FC2B3A9319009DE503 /* CheckoutItem.swift in Sources */,
				6A7741FD2B3A9319009DE503 /* CartItem.swift in Sources */,
				6A7741FB2B3A9319009DE503 /* ItemElement.swift in Sources */,
				6A77420A2B3A9319009DE503 /* ItemListView.swift in Sources */,
				6A7741FF2B3A9319009DE503 /* ItemDetailViewModel.swift in Sources */,
				6A7742062B3A9319009DE503 /* CartScreen.swift in Sources */,
				6A7742002B3A9319009DE503 /* SuccessViewModel.swift in Sources */,
				6A7741FE2B3A9319009DE503 /* ItemDetailScreen.swift in Sources */,
			);
			runOnlyForDeploymentPostprocessing = 0;
		};
/* End PBXSourcesBuildPhase section */

/* Begin XCBuildConfiguration section */
		6A4931FE2B303AB100F8772C /* Debug */ = {
			isa = XCBuildConfiguration;
			buildSettings = {
				ALWAYS_SEARCH_USER_PATHS = NO;
				ASSETCATALOG_COMPILER_GENERATE_SWIFT_ASSET_SYMBOL_EXTENSIONS = YES;
				CLANG_ANALYZER_NONNULL = YES;
				CLANG_ANALYZER_NUMBER_OBJECT_CONVERSION = YES_AGGRESSIVE;
				CLANG_CXX_LANGUAGE_STANDARD = "gnu++20";
				CLANG_ENABLE_MODULES = YES;
				CLANG_ENABLE_OBJC_ARC = YES;
				CLANG_ENABLE_OBJC_WEAK = YES;
				CLANG_WARN_BLOCK_CAPTURE_AUTORELEASING = YES;
				CLANG_WARN_BOOL_CONVERSION = YES;
				CLANG_WARN_COMMA = YES;
				CLANG_WARN_CONSTANT_CONVERSION = YES;
				CLANG_WARN_DEPRECATED_OBJC_IMPLEMENTATIONS = YES;
				CLANG_WARN_DIRECT_OBJC_ISA_USAGE = YES_ERROR;
				CLANG_WARN_DOCUMENTATION_COMMENTS = YES;
				CLANG_WARN_EMPTY_BODY = YES;
				CLANG_WARN_ENUM_CONVERSION = YES;
				CLANG_WARN_INFINITE_RECURSION = YES;
				CLANG_WARN_INT_CONVERSION = YES;
				CLANG_WARN_NON_LITERAL_NULL_CONVERSION = YES;
				CLANG_WARN_OBJC_IMPLICIT_RETAIN_SELF = YES;
				CLANG_WARN_OBJC_LITERAL_CONVERSION = YES;
				CLANG_WARN_OBJC_ROOT_CLASS = YES_ERROR;
				CLANG_WARN_QUOTED_INCLUDE_IN_FRAMEWORK_HEADER = YES;
				CLANG_WARN_RANGE_LOOP_ANALYSIS = YES;
				CLANG_WARN_STRICT_PROTOTYPES = YES;
				CLANG_WARN_SUSPICIOUS_MOVE = YES;
				CLANG_WARN_UNGUARDED_AVAILABILITY = YES_AGGRESSIVE;
				CLANG_WARN_UNREACHABLE_CODE = YES;
				CLANG_WARN__DUPLICATE_METHOD_MATCH = YES;
				COPY_PHASE_STRIP = NO;
				DEBUG_INFORMATION_FORMAT = dwarf;
				ENABLE_STRICT_OBJC_MSGSEND = YES;
				ENABLE_TESTABILITY = YES;
				ENABLE_USER_SCRIPT_SANDBOXING = YES;
				GCC_C_LANGUAGE_STANDARD = gnu17;
				GCC_DYNAMIC_NO_PIC = NO;
				GCC_NO_COMMON_BLOCKS = YES;
				GCC_OPTIMIZATION_LEVEL = 0;
				GCC_PREPROCESSOR_DEFINITIONS = (
					"DEBUG=1",
					"$(inherited)",
				);
				GCC_WARN_64_TO_32_BIT_CONVERSION = YES;
				GCC_WARN_ABOUT_RETURN_TYPE = YES_ERROR;
				GCC_WARN_UNDECLARED_SELECTOR = YES;
				GCC_WARN_UNINITIALIZED_AUTOS = YES_AGGRESSIVE;
				GCC_WARN_UNUSED_FUNCTION = YES;
				GCC_WARN_UNUSED_VARIABLE = YES;
				LOCALIZATION_PREFERS_STRING_CATALOGS = YES;
				MTL_ENABLE_DEBUG_INFO = INCLUDE_SOURCE;
				MTL_FAST_MATH = YES;
				ONLY_ACTIVE_ARCH = YES;
				SWIFT_ACTIVE_COMPILATION_CONDITIONS = "DEBUG $(inherited)";
				SWIFT_OPTIMIZATION_LEVEL = "-Onone";
			};
			name = Debug;
		};
		6A4931FF2B303AB100F8772C /* Release */ = {
			isa = XCBuildConfiguration;
			buildSettings = {
				ALWAYS_SEARCH_USER_PATHS = NO;
				ASSETCATALOG_COMPILER_GENERATE_SWIFT_ASSET_SYMBOL_EXTENSIONS = YES;
				CLANG_ANALYZER_NONNULL = YES;
				CLANG_ANALYZER_NUMBER_OBJECT_CONVERSION = YES_AGGRESSIVE;
				CLANG_CXX_LANGUAGE_STANDARD = "gnu++20";
				CLANG_ENABLE_MODULES = YES;
				CLANG_ENABLE_OBJC_ARC = YES;
				CLANG_ENABLE_OBJC_WEAK = YES;
				CLANG_WARN_BLOCK_CAPTURE_AUTORELEASING = YES;
				CLANG_WARN_BOOL_CONVERSION = YES;
				CLANG_WARN_COMMA = YES;
				CLANG_WARN_CONSTANT_CONVERSION = YES;
				CLANG_WARN_DEPRECATED_OBJC_IMPLEMENTATIONS = YES;
				CLANG_WARN_DIRECT_OBJC_ISA_USAGE = YES_ERROR;
				CLANG_WARN_DOCUMENTATION_COMMENTS = YES;
				CLANG_WARN_EMPTY_BODY = YES;
				CLANG_WARN_ENUM_CONVERSION = YES;
				CLANG_WARN_INFINITE_RECURSION = YES;
				CLANG_WARN_INT_CONVERSION = YES;
				CLANG_WARN_NON_LITERAL_NULL_CONVERSION = YES;
				CLANG_WARN_OBJC_IMPLICIT_RETAIN_SELF = YES;
				CLANG_WARN_OBJC_LITERAL_CONVERSION = YES;
				CLANG_WARN_OBJC_ROOT_CLASS = YES_ERROR;
				CLANG_WARN_QUOTED_INCLUDE_IN_FRAMEWORK_HEADER = YES;
				CLANG_WARN_RANGE_LOOP_ANALYSIS = YES;
				CLANG_WARN_STRICT_PROTOTYPES = YES;
				CLANG_WARN_SUSPICIOUS_MOVE = YES;
				CLANG_WARN_UNGUARDED_AVAILABILITY = YES_AGGRESSIVE;
				CLANG_WARN_UNREACHABLE_CODE = YES;
				CLANG_WARN__DUPLICATE_METHOD_MATCH = YES;
				COPY_PHASE_STRIP = NO;
				DEBUG_INFORMATION_FORMAT = "dwarf-with-dsym";
				ENABLE_NS_ASSERTIONS = NO;
				ENABLE_STRICT_OBJC_MSGSEND = YES;
				ENABLE_USER_SCRIPT_SANDBOXING = YES;
				GCC_C_LANGUAGE_STANDARD = gnu17;
				GCC_NO_COMMON_BLOCKS = YES;
				GCC_WARN_64_TO_32_BIT_CONVERSION = YES;
				GCC_WARN_ABOUT_RETURN_TYPE = YES_ERROR;
				GCC_WARN_UNDECLARED_SELECTOR = YES;
				GCC_WARN_UNINITIALIZED_AUTOS = YES_AGGRESSIVE;
				GCC_WARN_UNUSED_FUNCTION = YES;
				GCC_WARN_UNUSED_VARIABLE = YES;
				LOCALIZATION_PREFERS_STRING_CATALOGS = YES;
				MTL_ENABLE_DEBUG_INFO = NO;
				MTL_FAST_MATH = YES;
				SWIFT_COMPILATION_MODE = wholemodule;
			};
			name = Release;
		};
		6A4932012B303AB100F8772C /* Debug */ = {
			isa = XCBuildConfiguration;
			buildSettings = {
				ASSETCATALOG_COMPILER_APPICON_NAME = AppIcon;
				ASSETCATALOG_COMPILER_GLOBAL_ACCENT_COLOR_NAME = AccentColor;
				CODE_SIGN_ENTITLEMENTS = FoodieRestaurantApp/FoodieRestaurantApp.entitlements;
				CODE_SIGN_STYLE = Automatic;
				CURRENT_PROJECT_VERSION = 1;
				DEVELOPMENT_ASSET_PATHS = "\"FoodieRestaurantApp/Preview Content\"";
				ENABLE_PREVIEWS = YES;
				GENERATE_INFOPLIST_FILE = YES;
				"INFOPLIST_KEY_UIApplicationSceneManifest_Generation[sdk=iphoneos*]" = YES;
				"INFOPLIST_KEY_UIApplicationSceneManifest_Generation[sdk=iphonesimulator*]" = YES;
				"INFOPLIST_KEY_UIApplicationSupportsIndirectInputEvents[sdk=iphoneos*]" = YES;
				"INFOPLIST_KEY_UIApplicationSupportsIndirectInputEvents[sdk=iphonesimulator*]" = YES;
				"INFOPLIST_KEY_UILaunchScreen_Generation[sdk=iphoneos*]" = YES;
				"INFOPLIST_KEY_UILaunchScreen_Generation[sdk=iphonesimulator*]" = YES;
				"INFOPLIST_KEY_UIStatusBarStyle[sdk=iphoneos*]" = UIStatusBarStyleDefault;
				"INFOPLIST_KEY_UIStatusBarStyle[sdk=iphonesimulator*]" = UIStatusBarStyleDefault;
				INFOPLIST_KEY_UISupportedInterfaceOrientations_iPad = "UIInterfaceOrientationPortrait UIInterfaceOrientationPortraitUpsideDown UIInterfaceOrientationLandscapeLeft UIInterfaceOrientationLandscapeRight";
				INFOPLIST_KEY_UISupportedInterfaceOrientations_iPhone = "UIInterfaceOrientationPortrait UIInterfaceOrientationLandscapeLeft UIInterfaceOrientationLandscapeRight";
				IPHONEOS_DEPLOYMENT_TARGET = 16.0;
				LD_RUNPATH_SEARCH_PATHS = "@executable_path/Frameworks";
				"LD_RUNPATH_SEARCH_PATHS[sdk=macosx*]" = "@executable_path/../Frameworks";
				MACOSX_DEPLOYMENT_TARGET = 14.0;
				MARKETING_VERSION = 1.0;
				PRODUCT_BUNDLE_IDENTIFIER = pranjal.FoodieRestaurantApp;
				PRODUCT_NAME = "$(TARGET_NAME)";
				SDKROOT = auto;
				SUPPORTED_PLATFORMS = "iphoneos iphonesimulator";
				SUPPORTS_MACCATALYST = NO;
				SWIFT_EMIT_LOC_STRINGS = YES;
				SWIFT_VERSION = 5.0;
				TARGETED_DEVICE_FAMILY = "1,2";
			};
			name = Debug;
		};
		6A4932022B303AB100F8772C /* Release */ = {
			isa = XCBuildConfiguration;
			buildSettings = {
				ASSETCATALOG_COMPILER_APPICON_NAME = AppIcon;
				ASSETCATALOG_COMPILER_GLOBAL_ACCENT_COLOR_NAME = AccentColor;
				CODE_SIGN_ENTITLEMENTS = FoodieRestaurantApp/FoodieRestaurantApp.entitlements;
				CODE_SIGN_STYLE = Automatic;
				CURRENT_PROJECT_VERSION = 1;
				DEVELOPMENT_ASSET_PATHS = "\"FoodieRestaurantApp/Preview Content\"";
				ENABLE_PREVIEWS = YES;
				GENERATE_INFOPLIST_FILE = YES;
				"INFOPLIST_KEY_UIApplicationSceneManifest_Generation[sdk=iphoneos*]" = YES;
				"INFOPLIST_KEY_UIApplicationSceneManifest_Generation[sdk=iphonesimulator*]" = YES;
				"INFOPLIST_KEY_UIApplicationSupportsIndirectInputEvents[sdk=iphoneos*]" = YES;
				"INFOPLIST_KEY_UIApplicationSupportsIndirectInputEvents[sdk=iphonesimulator*]" = YES;
				"INFOPLIST_KEY_UILaunchScreen_Generation[sdk=iphoneos*]" = YES;
				"INFOPLIST_KEY_UILaunchScreen_Generation[sdk=iphonesimulator*]" = YES;
				"INFOPLIST_KEY_UIStatusBarStyle[sdk=iphoneos*]" = UIStatusBarStyleDefault;
				"INFOPLIST_KEY_UIStatusBarStyle[sdk=iphonesimulator*]" = UIStatusBarStyleDefault;
				INFOPLIST_KEY_UISupportedInterfaceOrientations_iPad = "UIInterfaceOrientationPortrait UIInterfaceOrientationPortraitUpsideDown UIInterfaceOrientationLandscapeLeft UIInterfaceOrientationLandscapeRight";
				INFOPLIST_KEY_UISupportedInterfaceOrientations_iPhone = "UIInterfaceOrientationPortrait UIInterfaceOrientationLandscapeLeft UIInterfaceOrientationLandscapeRight";
				IPHONEOS_DEPLOYMENT_TARGET = 16.0;
				LD_RUNPATH_SEARCH_PATHS = "@executable_path/Frameworks";
				"LD_RUNPATH_SEARCH_PATHS[sdk=macosx*]" = "@executable_path/../Frameworks";
				MACOSX_DEPLOYMENT_TARGET = 14.0;
				MARKETING_VERSION = 1.0;
				PRODUCT_BUNDLE_IDENTIFIER = pranjal.FoodieRestaurantApp;
				PRODUCT_NAME = "$(TARGET_NAME)";
				SDKROOT = auto;
				SUPPORTED_PLATFORMS = "iphoneos iphonesimulator";
				SUPPORTS_MACCATALYST = NO;
				SWIFT_EMIT_LOC_STRINGS = YES;
				SWIFT_VERSION = 5.0;
				TARGETED_DEVICE_FAMILY = "1,2";
			};
			name = Release;
		};
/* End XCBuildConfiguration section */

/* Begin XCConfigurationList section */
		6A4931EC2B303AAF00F8772C /* Build configuration list for PBXProject "FoodieRestaurantApp" */ = {
			isa = XCConfigurationList;
			buildConfigurations = (
				6A4931FE2B303AB100F8772C /* Debug */,
				6A4931FF2B303AB100F8772C /* Release */,
			);
			defaultConfigurationIsVisible = 0;
			defaultConfigurationName = Release;
		};
		6A4932002B303AB100F8772C /* Build configuration list for PBXNativeTarget "FoodieRestaurantApp" */ = {
			isa = XCConfigurationList;
			buildConfigurations = (
				6A4932012B303AB100F8772C /* Debug */,
				6A4932022B303AB100F8772C /* Release */,
			);
			defaultConfigurationIsVisible = 0;
			defaultConfigurationName = Release;
		};
/* End XCConfigurationList section */
	};
	rootObject = 6A4931E92B303AAF00F8772C /* Project object */;
}
